
Microsoft Visual Studio Solution File, Format Version 12.00
# Visual Studio 14
VisualStudioVersion = 14.0.24720.0
MinimumVisualStudioVersion = 10.0.40219.1
Project("{FAE04EC0-301F-11D3-BF4B-00C04F79EFBC}") = "DyslexiaDemo", "DyslexiaDemo\DyslexiaDemo.csproj", "{F5B28091-3335-46EE-8342-6BCBB6838994}"
EndProject
Project("{FAE04EC0-301F-11D3-BF4B-00C04F79EFBC}") = "TETCSharpClient", "..\..\..\..\Desktop\EYE Tribe\tet-csharp-client-master\tet-csharp-client-master\TETCSharpClient\TETCSharpClient.csproj", "{8F2DE36C-38EB-4CF2-B9D5-8746DCCFE4F7}"
EndProject
Project("{FAE04EC0-301F-11D3-BF4B-00C04F79EFBC}") = "TETControls", "..\..\..\..\Desktop\EYE Tribe\tet-csharp-samples-master\tet-csharp-samples-master\TETControls\TETControls.csproj", "{C93B12C7-9872-47A3-A2DB-D92623476FE5}"
EndProject
Project("{FAE04EC0-301F-11D3-BF4B-00C04F79EFBC}") = "WpfAnimatedGif", "WpfAnimatedGif\WpfAnimatedGif.csproj", "{D129789C-3096-4D0B-8DD7-FE24A4DF4B21}"
EndProject
Project("{FAE04EC0-301F-11D3-BF4B-00C04F79EFBC}") = "NAudio", "..\NAudio\NAudio.csproj", "{DA4F02E3-0B5E-42CD-B8D9-5583FA51D66E}"
EndProject
Global
	GlobalSection(SolutionConfigurationPlatforms) = preSolution
		Debug|Any CPU = Debug|Any CPU
		Release|Any CPU = Release|Any CPU
	EndGlobalSection
	GlobalSection(ProjectConfigurationPlatforms) = postSolution
		{F5B28091-3335-46EE-8342-6BCBB6838994}.Debug|Any CPU.ActiveCfg = Debug|Any CPU
		{F5B28091-3335-46EE-8342-6BCBB6838994}.Debug|Any CPU.Build.0 = Debug|Any CPU
		{F5B28091-3335-46EE-8342-6BCBB6838994}.Release|Any CPU.ActiveCfg = Release|Any CPU
		{F5B28091-3335-46EE-8342-6BCBB6838994}.Release|Any CPU.Build.0 = Release|Any CPU
		{8F2DE36C-38EB-4CF2-B9D5-8746DCCFE4F7}.Debug|Any CPU.ActiveCfg = Debug|Any CPU
		{8F2DE36C-38EB-4CF2-B9D5-8746DCCFE4F7}.Debug|Any CPU.Build.0 = Debug|Any CPU
		{8F2DE36C-38EB-4CF2-B9D5-8746DCCFE4F7}.Release|Any CPU.ActiveCfg = Release|Any CPU
		{8F2DE36C-38EB-4CF2-B9D5-8746DCCFE4F7}.Release|Any CPU.Build.0 = Release|Any CPU
		{C93B12C7-9872-47A3-A2DB-D92623476FE5}.Debug|Any CPU.ActiveCfg = Debug|Any CPU
		{C93B12C7-9872-47A3-A2DB-D92623476FE5}.Debug|Any CPU.Build.0 = Debug|Any CPU
		{C93B12C7-9872-47A3-A2DB-D92623476FE5}.Release|Any CPU.ActiveCfg = Release|Any CPU
		{C93B12C7-9872-47A3-A2DB-D92623476FE5}.Release|Any CPU.Build.0 = Release|Any CPU
		{D129789C-3096-4D0B-8DD7-FE24A4DF4B21}.Debug|Any CPU.ActiveCfg = Debug|Any CPU
		{D129789C-3096-4D0B-8DD7-FE24A4DF4B21}.Debug|Any CPU.Build.0 = Debug|Any CPU
		{D129789C-3096-4D0B-8DD7-FE24A4DF4B21}.Release|Any CPU.ActiveCfg = Release|Any CPU
		{D129789C-3096-4D0B-8DD7-FE24A4DF4B21}.Release|Any CPU.Build.0 = Release|Any CPU
		{DA4F02E3-0B5E-42CD-B8D9-5583FA51D66E}.Debug|Any CPU.ActiveCfg = Debug|Any CPU
		{DA4F02E3-0B5E-42CD-B8D9-5583FA51D66E}.Debug|Any CPU.Build.0 = Debug|Any CPU
		{DA4F02E3-0B5E-42CD-B8D9-5583FA51D66E}.Release|Any CPU.ActiveCfg = Release|Any CPU
		{DA4F02E3-0B5E-42CD-B8D9-5583FA51D66E}.Release|Any CPU.Build.0 = Release|Any CPU
	EndGlobalSection
	GlobalSection(SolutionProperties) = preSolution
		HideSolutionNode = FALSE
	EndGlobalSection
EndGlobal
